
Microsoft Visual Studio Solution File, Format Version 12.00
# Visual Studio 2012
Project("{2150E333-8FDC-42A3-9474-1A3956D46DE8}") = "Solution Items", "Solution Items", "{6D104F13-A356-4FD6-8F42-B5BAD4BC0CE5}"
	ProjectSection(SolutionItems) = preProject
		readme.txt = readme.txt
	EndProjectSection
EndProject
Project("{F088123C-0E9E-452A-89E6-6BA2F21D5CAC}") = "Architecture", "Architecture\Architecture.modelproj", "{1BF58DA2-C7DF-4600-91BA-EDFE64750F35}"
EndProject
Project("{FAE04EC0-301F-11D3-BF4B-00C04F79EFBC}") = "EspleyTest.Domain", "EspleyTest.Domain\EspleyTest.Domain.csproj", "{B97E048A-9E84-414A-8B51-679EB43AB1BC}"
EndProject
Project("{FAE04EC0-301F-11D3-BF4B-00C04F79EFBC}") = "EspleyTest.Grabber", "EspleyTest.Grabber\EspleyTest.Grabber.csproj", "{75D8E62A-DCBF-4EE3-853B-E6A087871628}"
EndProject
Project("{FAE04EC0-301F-11D3-BF4B-00C04F79EFBC}") = "Util", "Util\Util.csproj", "{C8346EC4-478A-4EE6-B601-92FEC1403ADA}"
EndProject
Project("{FAE04EC0-301F-11D3-BF4B-00C04F79EFBC}") = "EspleyTest.Viewer", "EspleyTest.Viewer\EspleyTest.Viewer.csproj", "{D3F25174-4778-4143-A328-69902D475CA5}"
EndProject
Project("{FAE04EC0-301F-11D3-BF4B-00C04F79EFBC}") = "EspleyTest.Storage", "EspleyTest.Storage\EspleyTest.Storage.csproj", "{1916714E-2261-4C79-8184-AD3940C728FE}"
EndProject
Global
	GlobalSection(SolutionConfigurationPlatforms) = preSolution
		Debug|Any CPU = Debug|Any CPU
		Release|Any CPU = Release|Any CPU
	EndGlobalSection
	GlobalSection(ProjectConfigurationPlatforms) = postSolution
		{1BF58DA2-C7DF-4600-91BA-EDFE64750F35}.Debug|Any CPU.ActiveCfg = Debug|Any CPU
		{1BF58DA2-C7DF-4600-91BA-EDFE64750F35}.Debug|Any CPU.Build.0 = Debug|Any CPU
		{1BF58DA2-C7DF-4600-91BA-EDFE64750F35}.Release|Any CPU.ActiveCfg = Release|Any CPU
		{1BF58DA2-C7DF-4600-91BA-EDFE64750F35}.Release|Any CPU.Build.0 = Release|Any CPU
		{B97E048A-9E84-414A-8B51-679EB43AB1BC}.Debug|Any CPU.ActiveCfg = Debug|Any CPU
		{B97E048A-9E84-414A-8B51-679EB43AB1BC}.Debug|Any CPU.Build.0 = Debug|Any CPU
		{B97E048A-9E84-414A-8B51-679EB43AB1BC}.Release|Any CPU.ActiveCfg = Release|Any CPU
		{B97E048A-9E84-414A-8B51-679EB43AB1BC}.Release|Any CPU.Build.0 = Release|Any CPU
		{75D8E62A-DCBF-4EE3-853B-E6A087871628}.Debug|Any CPU.ActiveCfg = Debug|Any CPU
		{75D8E62A-DCBF-4EE3-853B-E6A087871628}.Debug|Any CPU.Build.0 = Debug|Any CPU
		{75D8E62A-DCBF-4EE3-853B-E6A087871628}.Release|Any CPU.ActiveCfg = Release|Any CPU
		{75D8E62A-DCBF-4EE3-853B-E6A087871628}.Release|Any CPU.Build.0 = Release|Any CPU
		{C8346EC4-478A-4EE6-B601-92FEC1403ADA}.Debug|Any CPU.ActiveCfg = Debug|Any CPU
		{C8346EC4-478A-4EE6-B601-92FEC1403ADA}.Debug|Any CPU.Build.0 = Debug|Any CPU
		{C8346EC4-478A-4EE6-B601-92FEC1403ADA}.Release|Any CPU.ActiveCfg = Release|Any CPU
		{C8346EC4-478A-4EE6-B601-92FEC1403ADA}.Release|Any CPU.Build.0 = Release|Any CPU
		{D3F25174-4778-4143-A328-69902D475CA5}.Debug|Any CPU.ActiveCfg = Debug|Any CPU
		{D3F25174-4778-4143-A328-69902D475CA5}.Debug|Any CPU.Build.0 = Debug|Any CPU
		{D3F25174-4778-4143-A328-69902D475CA5}.Release|Any CPU.ActiveCfg = Release|Any CPU
		{D3F25174-4778-4143-A328-69902D475CA5}.Release|Any CPU.Build.0 = Release|Any CPU
		{1916714E-2261-4C79-8184-AD3940C728FE}.Debug|Any CPU.ActiveCfg = Debug|Any CPU
		{1916714E-2261-4C79-8184-AD3940C728FE}.Debug|Any CPU.Build.0 = Debug|Any CPU
		{1916714E-2261-4C79-8184-AD3940C728FE}.Release|Any CPU.ActiveCfg = Release|Any CPU
		{1916714E-2261-4C79-8184-AD3940C728FE}.Release|Any CPU.Build.0 = Release|Any CPU
	EndGlobalSection
	GlobalSection(SolutionProperties) = preSolution
		HideSolutionNode = FALSE
	EndGlobalSection
EndGlobal
